
Microsoft Visual Studio Solution File, Format Version 12.00
# Visual Studio 15
VisualStudioVersion = 15.0.28307.1340
MinimumVisualStudioVersion = 10.0.40219.1
Project("{FAE04EC0-301F-11D3-BF4B-00C04F79EFBC}") = "SamsungBotAir", "SamsungBotAir\SamsungBotAir.csproj", "{58470A11-BC3E-4ED4-98E5-BB79C15DD338}"
EndProject
Project("{FAE04EC0-301F-11D3-BF4B-00C04F79EFBC}") = "SamsungBotAirTests", "SamsungBotAirTests\SamsungBotAirTests.csproj", "{49ECFEEE-CBF9-4678-8675-54CB4A9D0EF1}"
EndProject
Global
	GlobalSection(SolutionConfigurationPlatforms) = preSolution
		Debug|Any CPU = Debug|Any CPU
		Release|Any CPU = Release|Any CPU
	EndGlobalSection
	GlobalSection(ProjectConfigurationPlatforms) = postSolution
		{58470A11-BC3E-4ED4-98E5-BB79C15DD338}.Debug|Any CPU.ActiveCfg = Debug|Any CPU
		{58470A11-BC3E-4ED4-98E5-BB79C15DD338}.Debug|Any CPU.Build.0 = Debug|Any CPU
		{58470A11-BC3E-4ED4-98E5-BB79C15DD338}.Release|Any CPU.ActiveCfg = Release|Any CPU
		{58470A11-BC3E-4ED4-98E5-BB79C15DD338}.Release|Any CPU.Build.0 = Release|Any CPU
		{49ECFEEE-CBF9-4678-8675-54CB4A9D0EF1}.Debug|Any CPU.ActiveCfg = Debug|Any CPU
		{49ECFEEE-CBF9-4678-8675-54CB4A9D0EF1}.Debug|Any CPU.Build.0 = Debug|Any CPU
		{49ECFEEE-CBF9-4678-8675-54CB4A9D0EF1}.Release|Any CPU.ActiveCfg = Release|Any CPU
		{49ECFEEE-CBF9-4678-8675-54CB4A9D0EF1}.Release|Any CPU.Build.0 = Release|Any CPU
	EndGlobalSection
	GlobalSection(SolutionProperties) = preSolution
		HideSolutionNode = FALSE
	EndGlobalSection
	GlobalSection(ExtensibilityGlobals) = postSolution
		SolutionGuid = {8B5413CA-75ED-451A-A138-36F6FB3A397A}
	EndGlobalSection
EndGlobal
